
Microsoft Visual Studio Solution File, Format Version 12.00
# Visual Studio Version 17
VisualStudioVersion = 17.13.35931.197 d17.13
MinimumVisualStudioVersion = 10.0.40219.1
Project("{FAE04EC0-301F-11D3-BF4B-00C04F79EFBC}") = "ST10450557_POE", "ST10450557_POE\ST10450557_POE.csproj", "{079D755F-2671-4EEB-8956-32933E5CECBA}"
EndProject
Global
	GlobalSection(SolutionConfigurationPlatforms) = preSolution
		Debug|Any CPU = Debug|Any CPU
		Release|Any CPU = Release|Any CPU
	EndGlobalSection
	GlobalSection(ProjectConfigurationPlatforms) = postSolution
		{079D755F-2671-4EEB-8956-32933E5CECBA}.Debug|Any CPU.ActiveCfg = Debug|Any CPU
		{079D755F-2671-4EEB-8956-32933E5CECBA}.Debug|Any CPU.Build.0 = Debug|Any CPU
		{079D755F-2671-4EEB-8956-32933E5CECBA}.Release|Any CPU.ActiveCfg = Release|Any CPU
		{079D755F-2671-4EEB-8956-32933E5CECBA}.Release|Any CPU.Build.0 = Release|Any CPU
	EndGlobalSection
	GlobalSection(SolutionProperties) = preSolution
		HideSolutionNode = FALSE
	EndGlobalSection
	GlobalSection(ExtensibilityGlobals) = postSolution
		SolutionGuid = {E3764770-B636-452E-B392-DAD151DF122B}
	EndGlobalSection
EndGlobal
